// !$*UTF8*$!
{
	archiveVersion = 1;
	classes = {
	};
	objectVersion = 50;
	objects = {

/* Begin PBXBuildFile section */
		202D3B2B20826FE5003DF1B8 /* AppDelegate.swift in Sources */ = {isa = PBXBuildFile; fileRef = 202D3B2A20826FE5003DF1B8 /* AppDelegate.swift */; };
		202D3B2D20826FE5003DF1B8 /* LoginViewController.swift in Sources */ = {isa = PBXBuildFile; fileRef = 202D3B2C20826FE5003DF1B8 /* LoginViewController.swift */; };
		202D3B3020826FE6003DF1B8 /* Main.storyboard in Resources */ = {isa = PBXBuildFile; fileRef = 202D3B2E20826FE6003DF1B8 /* Main.storyboard */; };
		202D3B3220826FE7003DF1B8 /* Assets.xcassets in Resources */ = {isa = PBXBuildFile; fileRef = 202D3B3120826FE7003DF1B8 /* Assets.xcassets */; };
		202D3B3520826FE7003DF1B8 /* LaunchScreen.storyboard in Resources */ = {isa = PBXBuildFile; fileRef = 202D3B3320826FE7003DF1B8 /* LaunchScreen.storyboard */; };
		202D3B412082709D003DF1B8 /* Default-568h@2x.png in Resources */ = {isa = PBXBuildFile; fileRef = 202D3B402082709D003DF1B8 /* Default-568h@2x.png */; };
		202D3B432082784A003DF1B8 /* Auth0.plist in Resources */ = {isa = PBXBuildFile; fileRef = 202D3B422082784A003DF1B8 /* Auth0.plist */; };
		202D3B472086C141003DF1B8 /* WeatherViewController.swift in Sources */ = {isa = PBXBuildFile; fileRef = 202D3B462086C141003DF1B8 /* WeatherViewController.swift */; };
		202D3B492087EBDA003DF1B8 /* WeatherDataModel.swift in Sources */ = {isa = PBXBuildFile; fileRef = 202D3B482087EBDA003DF1B8 /* WeatherDataModel.swift */; };
		202D3B4B20881115003DF1B8 /* GoogleService-Info.plist in Resources */ = {isa = PBXBuildFile; fileRef = 202D3B4A20881115003DF1B8 /* GoogleService-Info.plist */; };
		202D3B4E208814FF003DF1B8 /* ChatViewController.swift in Sources */ = {isa = PBXBuildFile; fileRef = 202D3B4C208814FF003DF1B8 /* ChatViewController.swift */; };
		202D3B52208818CE003DF1B8 /* MessageTableViewCell.swift in Sources */ = {isa = PBXBuildFile; fileRef = 202D3B50208818CE003DF1B8 /* MessageTableViewCell.swift */; };
		202D3B53208818CE003DF1B8 /* MessageTableViewCell.xib in Resources */ = {isa = PBXBuildFile; fileRef = 202D3B51208818CE003DF1B8 /* MessageTableViewCell.xib */; };
		202D3B5520881F63003DF1B8 /* Message.swift in Sources */ = {isa = PBXBuildFile; fileRef = 202D3B5420881F63003DF1B8 /* Message.swift */; };
		20A7678A208EADB800FC1450 /* Inceptionv3.mlmodel in Sources */ = {isa = PBXBuildFile; fileRef = 20A76789208EADB700FC1450 /* Inceptionv3.mlmodel */; };
		20A7678C208EB02000FC1450 /* ImageMLViewController.swift in Sources */ = {isa = PBXBuildFile; fileRef = 20A7678B208EB02000FC1450 /* ImageMLViewController.swift */; };
		20A76790208F9F0F00FC1450 /* ARDiceViewController.swift in Sources */ = {isa = PBXBuildFile; fileRef = 20A7678F208F9F0F00FC1450 /* ARDiceViewController.swift */; };
		20DB44DA208FA3A80023C923 /* diceCollada.scn in Resources */ = {isa = PBXBuildFile; fileRef = 20DB44D9208FA3A80023C923 /* diceCollada.scn */; };
		20DB44DC208FA3B10023C923 /* grid.png in Resources */ = {isa = PBXBuildFile; fileRef = 20DB44DB208FA3B10023C923 /* grid.png */; };
		20DB44DE208FD0290023C923 /* ARRulerViewController.swift in Sources */ = {isa = PBXBuildFile; fileRef = 20DB44DD208FD0290023C923 /* ARRulerViewController.swift */; };
		20DB44EE208FFC4C0023C923 /* icons8-male-user-48.png in Resources */ = {isa = PBXBuildFile; fileRef = 20DB44ED208FFC4C0023C923 /* icons8-male-user-48.png */; };
		20DB44F02090012D0023C923 /* icons8-dice-30.png in Resources */ = {isa = PBXBuildFile; fileRef = 20DB44EF2090012C0023C923 /* icons8-dice-30.png */; };
		20DB44F2209001420023C923 /* background.jpg in Resources */ = {isa = PBXBuildFile; fileRef = 20DB44F1209001410023C923 /* background.jpg */; };
		20DB44F4209001580023C923 /* icons8-login-as-user-100.png in Resources */ = {isa = PBXBuildFile; fileRef = 20DB44F3209001580023C923 /* icons8-login-as-user-100.png */; };
		20DB44F6209001830023C923 /* main.jpg in Resources */ = {isa = PBXBuildFile; fileRef = 20DB44F5209001830023C923 /* main.jpg */; };
		FE9ABEF4BFBAD1CAB2D6A4BB /* Pods_FinalProject.framework in Frameworks */ = {isa = PBXBuildFile; fileRef = E92410375D49CB60AC2E3C59 /* Pods_FinalProject.framework */; };
/* End PBXBuildFile section */

/* Begin PBXFileReference section */
		202D3B2720826FE5003DF1B8 /* FinalProject.app */ = {isa = PBXFileReference; explicitFileType = wrapper.application; includeInIndex = 0; path = FinalProject.app; sourceTree = BUILT_PRODUCTS_DIR; };
		202D3B2A20826FE5003DF1B8 /* AppDelegate.swift */ = {isa = PBXFileReference; lastKnownFileType = sourcecode.swift; path = AppDelegate.swift; sourceTree = "<group>"; };
		202D3B2C20826FE5003DF1B8 /* LoginViewController.swift */ = {isa = PBXFileReference; lastKnownFileType = sourcecode.swift; path = LoginViewController.swift; sourceTree = "<group>"; };
		202D3B2F20826FE6003DF1B8 /* Base */ = {isa = PBXFileReference; lastKnownFileType = file.storyboard; name = Base; path = Base.lproj/Main.storyboard; sourceTree = "<group>"; };
		202D3B3120826FE7003DF1B8 /* Assets.xcassets */ = {isa = PBXFileReference; lastKnownFileType = folder.assetcatalog; path = Assets.xcassets; sourceTree = "<group>"; };
		202D3B3420826FE7003DF1B8 /* Base */ = {isa = PBXFileReference; lastKnownFileType = file.storyboard; name = Base; path = Base.lproj/LaunchScreen.storyboard; sourceTree = "<group>"; };
		202D3B3620826FE7003DF1B8 /* Info.plist */ = {isa = PBXFileReference; lastKnownFileType = text.plist.xml; path = Info.plist; sourceTree = "<group>"; };
		202D3B402082709D003DF1B8 /* Default-568h@2x.png */ = {isa = PBXFileReference; lastKnownFileType = image.png; path = "Default-568h@2x.png"; sourceTree = "<group>"; };
		202D3B422082784A003DF1B8 /* Auth0.plist */ = {isa = PBXFileReference; lastKnownFileType = text.plist.xml; path = Auth0.plist; sourceTree = "<group>"; };
		202D3B4520869E56003DF1B8 /* FinalProject.entitlements */ = {isa = PBXFileReference; lastKnownFileType = text.plist.entitlements; path = FinalProject.entitlements; sourceTree = "<group>"; };
		202D3B462086C141003DF1B8 /* WeatherViewController.swift */ = {isa = PBXFileReference; lastKnownFileType = sourcecode.swift; path = WeatherViewController.swift; sourceTree = "<group>"; };
		202D3B482087EBDA003DF1B8 /* WeatherDataModel.swift */ = {isa = PBXFileReference; lastKnownFileType = sourcecode.swift; path = WeatherDataModel.swift; sourceTree = "<group>"; };
		202D3B4A20881115003DF1B8 /* GoogleService-Info.plist */ = {isa = PBXFileReference; fileEncoding = 4; lastKnownFileType = text.plist.xml; name = "GoogleService-Info.plist"; path = "../../../GoogleService-Info.plist"; sourceTree = "<group>"; };
		202D3B4C208814FF003DF1B8 /* ChatViewController.swift */ = {isa = PBXFileReference; lastKnownFileType = sourcecode.swift; path = ChatViewController.swift; sourceTree = "<group>"; };
		202D3B50208818CE003DF1B8 /* MessageTableViewCell.swift */ = {isa = PBXFileReference; lastKnownFileType = sourcecode.swift; path = MessageTableViewCell.swift; sourceTree = "<group>"; };
		202D3B51208818CE003DF1B8 /* MessageTableViewCell.xib */ = {isa = PBXFileReference; lastKnownFileType = file.xib; path = MessageTableViewCell.xib; sourceTree = "<group>"; };
		202D3B5420881F63003DF1B8 /* Message.swift */ = {isa = PBXFileReference; lastKnownFileType = sourcecode.swift; path = Message.swift; sourceTree = "<group>"; };
		20A76789208EADB700FC1450 /* Inceptionv3.mlmodel */ = {isa = PBXFileReference; lastKnownFileType = file.mlmodel; name = Inceptionv3.mlmodel; path = ../../../../iOS11/Inceptionv3.mlmodel; sourceTree = "<group>"; };
		20A7678B208EB02000FC1450 /* ImageMLViewController.swift */ = {isa = PBXFileReference; lastKnownFileType = sourcecode.swift; path = ImageMLViewController.swift; sourceTree = "<group>"; };
		20A7678F208F9F0F00FC1450 /* ARDiceViewController.swift */ = {isa = PBXFileReference; lastKnownFileType = sourcecode.swift; path = ARDiceViewController.swift; sourceTree = "<group>"; };
		20DB44D9208FA3A80023C923 /* diceCollada.scn */ = {isa = PBXFileReference; lastKnownFileType = file.bplist; name = diceCollada.scn; path = "../../../../iOS11/Real Dicee/Real Dicee/art.scnassets/diceCollada.scn"; sourceTree = "<group>"; };
		20DB44DB208FA3B10023C923 /* grid.png */ = {isa = PBXFileReference; lastKnownFileType = image.png; name = grid.png; path = "../../../../iOS11/Real Dicee/Real Dicee/art.scnassets/grid.png"; sourceTree = "<group>"; };
		20DB44DD208FD0290023C923 /* ARRulerViewController.swift */ = {isa = PBXFileReference; lastKnownFileType = sourcecode.swift; path = ARRulerViewController.swift; sourceTree = "<group>"; };
		20DB44ED208FFC4C0023C923 /* icons8-male-user-48.png */ = {isa = PBXFileReference; lastKnownFileType = image.png; path = "icons8-male-user-48.png"; sourceTree = "<group>"; };
		20DB44EF2090012C0023C923 /* icons8-dice-30.png */ = {isa = PBXFileReference; lastKnownFileType = image.png; path = "icons8-dice-30.png"; sourceTree = "<group>"; };
		20DB44F1209001410023C923 /* background.jpg */ = {isa = PBXFileReference; lastKnownFileType = image.jpeg; path = background.jpg; sourceTree = "<group>"; };
		20DB44F3209001580023C923 /* icons8-login-as-user-100.png */ = {isa = PBXFileReference; lastKnownFileType = image.png; path = "icons8-login-as-user-100.png"; sourceTree = "<group>"; };
		20DB44F5209001830023C923 /* main.jpg */ = {isa = PBXFileReference; lastKnownFileType = image.jpeg; path = main.jpg; sourceTree = "<group>"; };
		A54D3036B1F5D6CEA4E4C01B /* Pods-FinalProject.release.xcconfig */ = {isa = PBXFileReference; includeInIndex = 1; lastKnownFileType = text.xcconfig; name = "Pods-FinalProject.release.xcconfig"; path = "Pods/Target Support Files/Pods-FinalProject/Pods-FinalProject.release.xcconfig"; sourceTree = "<group>"; };
		E92410375D49CB60AC2E3C59 /* Pods_FinalProject.framework */ = {isa = PBXFileReference; explicitFileType = wrapper.framework; includeInIndex = 0; path = Pods_FinalProject.framework; sourceTree = BUILT_PRODUCTS_DIR; };
		EBA564325C0F6816F4F133F9 /* Pods-FinalProject.debug.xcconfig */ = {isa = PBXFileReference; includeInIndex = 1; lastKnownFileType = text.xcconfig; name = "Pods-FinalProject.debug.xcconfig"; path = "Pods/Target Support Files/Pods-FinalProject/Pods-FinalProject.debug.xcconfig"; sourceTree = "<group>"; };
/* End PBXFileReference section */

/* Begin PBXFrameworksBuildPhase section */
		202D3B2420826FE5003DF1B8 /* Frameworks */ = {
			isa = PBXFrameworksBuildPhase;
			buildActionMask = 2147483647;
			files = (
				FE9ABEF4BFBAD1CAB2D6A4BB /* Pods_FinalProject.framework in Frameworks */,
			);
			runOnlyForDeploymentPostprocessing = 0;
		};
/* End PBXFrameworksBuildPhase section */

/* Begin PBXGroup section */
		202D3B1E20826FE5003DF1B8 = {
			isa = PBXGroup;
			children = (
				202D3B2920826FE5003DF1B8 /* FinalProject */,
				202D3B2820826FE5003DF1B8 /* Products */,
				6F79A93A00D9E13797CA8820 /* Pods */,
				CF2AB9B6A8871E3BEE3FEE2C /* Frameworks */,
			);
			sourceTree = "<group>";
		};
		202D3B2820826FE5003DF1B8 /* Products */ = {
			isa = PBXGroup;
			children = (
				202D3B2720826FE5003DF1B8 /* FinalProject.app */,
			);
			name = Products;
			sourceTree = "<group>";
		};
		202D3B2920826FE5003DF1B8 /* FinalProject */ = {
			isa = PBXGroup;
			children = (
				202D3B3E20827037003DF1B8 /* Controller */,
				202D3B3D20827024003DF1B8 /* View */,
				202D3B3C20827019003DF1B8 /* Model */,
				202D3B3F2082705F003DF1B8 /* Supporting Files */,
				202D3B3620826FE7003DF1B8 /* Info.plist */,
				202D3B4520869E56003DF1B8 /* FinalProject.entitlements */,
			);
			path = FinalProject;
			sourceTree = "<group>";
		};
		202D3B3C20827019003DF1B8 /* Model */ = {
			isa = PBXGroup;
			children = (
				202D3B482087EBDA003DF1B8 /* WeatherDataModel.swift */,
				202D3B5420881F63003DF1B8 /* Message.swift */,
			);
			path = Model;
			sourceTree = "<group>";
		};
		202D3B3D20827024003DF1B8 /* View */ = {
			isa = PBXGroup;
			children = (
				202D3B2E20826FE6003DF1B8 /* Main.storyboard */,
				202D3B3320826FE7003DF1B8 /* LaunchScreen.storyboard */,
				202D3B50208818CE003DF1B8 /* MessageTableViewCell.swift */,
				202D3B51208818CE003DF1B8 /* MessageTableViewCell.xib */,
			);
			path = View;
			sourceTree = "<group>";
		};
		202D3B3E20827037003DF1B8 /* Controller */ = {
			isa = PBXGroup;
			children = (
				202D3B2A20826FE5003DF1B8 /* AppDelegate.swift */,
				202D3B2C20826FE5003DF1B8 /* LoginViewController.swift */,
				202D3B462086C141003DF1B8 /* WeatherViewController.swift */,
				202D3B4C208814FF003DF1B8 /* ChatViewController.swift */,
				20A7678B208EB02000FC1450 /* ImageMLViewController.swift */,
				20A7678F208F9F0F00FC1450 /* ARDiceViewController.swift */,
				20DB44DD208FD0290023C923 /* ARRulerViewController.swift */,
			);
			path = Controller;
			sourceTree = "<group>";
		};
		202D3B3F2082705F003DF1B8 /* Supporting Files */ = {
			isa = PBXGroup;
			children = (
				202D3B4A20881115003DF1B8 /* GoogleService-Info.plist */,
				202D3B402082709D003DF1B8 /* Default-568h@2x.png */,
				202D3B3120826FE7003DF1B8 /* Assets.xcassets */,
				20DB44D9208FA3A80023C923 /* diceCollada.scn */,
				20DB44EF2090012C0023C923 /* icons8-dice-30.png */,
				20DB44ED208FFC4C0023C923 /* icons8-male-user-48.png */,
				20DB44F1209001410023C923 /* background.jpg */,
				20DB44F5209001830023C923 /* main.jpg */,
				20DB44F3209001580023C923 /* icons8-login-as-user-100.png */,
				20DB44DB208FA3B10023C923 /* grid.png */,
				20A76789208EADB700FC1450 /* Inceptionv3.mlmodel */,
				202D3B422082784A003DF1B8 /* Auth0.plist */,
			);
			path = "Supporting Files";
			sourceTree = "<group>";
		};
		6F79A93A00D9E13797CA8820 /* Pods */ = {
			isa = PBXGroup;
			children = (
				EBA564325C0F6816F4F133F9 /* Pods-FinalProject.debug.xcconfig */,
				A54D3036B1F5D6CEA4E4C01B /* Pods-FinalProject.release.xcconfig */,
			);
			name = Pods;
			sourceTree = "<group>";
		};
		CF2AB9B6A8871E3BEE3FEE2C /* Frameworks */ = {
			isa = PBXGroup;
			children = (
				E92410375D49CB60AC2E3C59 /* Pods_FinalProject.framework */,
			);
			name = Frameworks;
			sourceTree = "<group>";
		};
/* End PBXGroup section */

/* Begin PBXNativeTarget section */
		202D3B2620826FE5003DF1B8 /* FinalProject */ = {
			isa = PBXNativeTarget;
			buildConfigurationList = 202D3B3920826FE7003DF1B8 /* Build configuration list for PBXNativeTarget "FinalProject" */;
			buildPhases = (
				B0A575D608D794ECA07357CE /* [CP] Check Pods Manifest.lock */,
				202D3B2320826FE5003DF1B8 /* Sources */,
				202D3B2420826FE5003DF1B8 /* Frameworks */,
				202D3B2520826FE5003DF1B8 /* Resources */,
				31FFEB853C12FA94BE05AAE3 /* [CP] Embed Pods Frameworks */,
				2772CCEEE3A7AF9C72E0FCBB /* [CP] Copy Pods Resources */,
			);
			buildRules = (
			);
			dependencies = (
			);
			name = FinalProject;
			productName = FinalProject;
			productReference = 202D3B2720826FE5003DF1B8 /* FinalProject.app */;
			productType = "com.apple.product-type.application";
		};
/* End PBXNativeTarget section */

/* Begin PBXProject section */
		202D3B1F20826FE5003DF1B8 /* Project object */ = {
			isa = PBXProject;
			attributes = {
				LastSwiftUpdateCheck = 0930;
				LastUpgradeCheck = 0930;
				ORGANIZATIONNAME = "Junhao Huang";
				TargetAttributes = {
					202D3B2620826FE5003DF1B8 = {
						CreatedOnToolsVersion = 9.3;
						SystemCapabilities = {
							com.apple.Keychain = {
								enabled = 1;
							};
						};
					};
				};
			};
			buildConfigurationList = 202D3B2220826FE5003DF1B8 /* Build configuration list for PBXProject "FinalProject" */;
			compatibilityVersion = "Xcode 9.3";
			developmentRegion = en;
			hasScannedForEncodings = 0;
			knownRegions = (
				en,
				Base,
			);
			mainGroup = 202D3B1E20826FE5003DF1B8;
			productRefGroup = 202D3B2820826FE5003DF1B8 /* Products */;
			projectDirPath = "";
			projectRoot = "";
			targets = (
				202D3B2620826FE5003DF1B8 /* FinalProject */,
			);
		};
/* End PBXProject section */

/* Begin PBXResourcesBuildPhase section */
		202D3B2520826FE5003DF1B8 /* Resources */ = {
			isa = PBXResourcesBuildPhase;
			buildActionMask = 2147483647;
			files = (
				202D3B432082784A003DF1B8 /* Auth0.plist in Resources */,
				202D3B3520826FE7003DF1B8 /* LaunchScreen.storyboard in Resources */,
				20DB44DC208FA3B10023C923 /* grid.png in Resources */,
				20DB44F4209001580023C923 /* icons8-login-as-user-100.png in Resources */,
				202D3B412082709D003DF1B8 /* Default-568h@2x.png in Resources */,
				202D3B3220826FE7003DF1B8 /* Assets.xcassets in Resources */,
				20DB44F2209001420023C923 /* background.jpg in Resources */,
				202D3B3020826FE6003DF1B8 /* Main.storyboard in Resources */,
				20DB44F6209001830023C923 /* main.jpg in Resources */,
				202D3B53208818CE003DF1B8 /* MessageTableViewCell.xib in Resources */,
				20DB44DA208FA3A80023C923 /* diceCollada.scn in Resources */,
				202D3B4B20881115003DF1B8 /* GoogleService-Info.plist in Resources */,
				20DB44EE208FFC4C0023C923 /* icons8-male-user-48.png in Resources */,
				20DB44F02090012D0023C923 /* icons8-dice-30.png in Resources */,
			);
			runOnlyForDeploymentPostprocessing = 0;
		};
/* End PBXResourcesBuildPhase section */

/* Begin PBXShellScriptBuildPhase section */
		2772CCEEE3A7AF9C72E0FCBB /* [CP] Copy Pods Resources */ = {
			isa = PBXShellScriptBuildPhase;
			buildActionMask = 2147483647;
			files = (
			);
			inputPaths = (
			);
			name = "[CP] Copy Pods Resources";
			outputPaths = (
			);
			runOnlyForDeploymentPostprocessing = 0;
			shellPath = /bin/sh;
			shellScript = "\"${SRCROOT}/Pods/Target Support Files/Pods-FinalProject/Pods-FinalProject-resources.sh\"\n";
			showEnvVarsInLog = 0;
		};
		31FFEB853C12FA94BE05AAE3 /* [CP] Embed Pods Frameworks */ = {
			isa = PBXShellScriptBuildPhase;
			buildActionMask = 2147483647;
			files = (
			);
			inputPaths = (
				"${SRCROOT}/Pods/Target Support Files/Pods-FinalProject/Pods-FinalProject-frameworks.sh",
				"${BUILT_PRODUCTS_DIR}/Alamofire/Alamofire.framework",
				"${BUILT_PRODUCTS_DIR}/Auth0/Auth0.framework",
				"${BUILT_PRODUCTS_DIR}/GTMSessionFetcher/GTMSessionFetcher.framework",
				"${BUILT_PRODUCTS_DIR}/GoogleToolboxForMac/GoogleToolboxForMac.framework",
				"${BUILT_PRODUCTS_DIR}/Lock/Lock.framework",
				"${BUILT_PRODUCTS_DIR}/SimpleKeychain/SimpleKeychain.framework",
				"${BUILT_PRODUCTS_DIR}/SwiftyJSON/SwiftyJSON.framework",
				"${BUILT_PRODUCTS_DIR}/leveldb-library/leveldb.framework",
				"${BUILT_PRODUCTS_DIR}/nanopb/nanopb.framework",
			);
			name = "[CP] Embed Pods Frameworks";
			outputPaths = (
				"${TARGET_BUILD_DIR}/${FRAMEWORKS_FOLDER_PATH}/Alamofire.framework",
				"${TARGET_BUILD_DIR}/${FRAMEWORKS_FOLDER_PATH}/Auth0.framework",
				"${TARGET_BUILD_DIR}/${FRAMEWORKS_FOLDER_PATH}/GTMSessionFetcher.framework",
				"${TARGET_BUILD_DIR}/${FRAMEWORKS_FOLDER_PATH}/GoogleToolboxForMac.framework",
				"${TARGET_BUILD_DIR}/${FRAMEWORKS_FOLDER_PATH}/Lock.framework",
				"${TARGET_BUILD_DIR}/${FRAMEWORKS_FOLDER_PATH}/SimpleKeychain.framework",
				"${TARGET_BUILD_DIR}/${FRAMEWORKS_FOLDER_PATH}/SwiftyJSON.framework",
				"${TARGET_BUILD_DIR}/${FRAMEWORKS_FOLDER_PATH}/leveldb.framework",
				"${TARGET_BUILD_DIR}/${FRAMEWORKS_FOLDER_PATH}/nanopb.framework",
			);
			runOnlyForDeploymentPostprocessing = 0;
			shellPath = /bin/sh;
			shellScript = "\"${SRCROOT}/Pods/Target Support Files/Pods-FinalProject/Pods-FinalProject-frameworks.sh\"\n";
			showEnvVarsInLog = 0;
		};
		B0A575D608D794ECA07357CE /* [CP] Check Pods Manifest.lock */ = {
			isa = PBXShellScriptBuildPhase;
			buildActionMask = 2147483647;
			files = (
			);
			inputPaths = (
				"${PODS_PODFILE_DIR_PATH}/Podfile.lock",
				"${PODS_ROOT}/Manifest.lock",
			);
			name = "[CP] Check Pods Manifest.lock";
			outputPaths = (
				"$(DERIVED_FILE_DIR)/Pods-FinalProject-checkManifestLockResult.txt",
			);
			runOnlyForDeploymentPostprocessing = 0;
			shellPath = /bin/sh;
			shellScript = "diff \"${PODS_PODFILE_DIR_PATH}/Podfile.lock\" \"${PODS_ROOT}/Manifest.lock\" > /dev/null\nif [ $? != 0 ] ; then\n    # print error to STDERR\n    echo \"error: The sandbox is not in sync with the Podfile.lock. Run 'pod install' or update your CocoaPods installation.\" >&2\n    exit 1\nfi\n# This output is used by Xcode 'outputs' to avoid re-running this script phase.\necho \"SUCCESS\" > \"${SCRIPT_OUTPUT_FILE_0}\"\n";
			showEnvVarsInLog = 0;
		};
/* End PBXShellScriptBuildPhase section */

/* Begin PBXSourcesBuildPhase section */
		202D3B2320826FE5003DF1B8 /* Sources */ = {
			isa = PBXSourcesBuildPhase;
			buildActionMask = 2147483647;
			files = (
				202D3B492087EBDA003DF1B8 /* WeatherDataModel.swift in Sources */,
				20A7678C208EB02000FC1450 /* ImageMLViewController.swift in Sources */,
				202D3B2D20826FE5003DF1B8 /* LoginViewController.swift in Sources */,
				202D3B472086C141003DF1B8 /* WeatherViewController.swift in Sources */,
				202D3B4E208814FF003DF1B8 /* ChatViewController.swift in Sources */,
				202D3B2B20826FE5003DF1B8 /* AppDelegate.swift in Sources */,
				20A7678A208EADB800FC1450 /* Inceptionv3.mlmodel in Sources */,
				202D3B52208818CE003DF1B8 /* MessageTableViewCell.swift in Sources */,
				20DB44DE208FD0290023C923 /* ARRulerViewController.swift in Sources */,
				20A76790208F9F0F00FC1450 /* ARDiceViewController.swift in Sources */,
				202D3B5520881F63003DF1B8 /* Message.swift in Sources */,
			);
			runOnlyForDeploymentPostprocessing = 0;
		};
/* End PBXSourcesBuildPhase section */

/* Begin PBXVariantGroup section */
		202D3B2E20826FE6003DF1B8 /* Main.storyboard */ = {
			isa = PBXVariantGroup;
			children = (
				202D3B2F20826FE6003DF1B8 /* Base */,
			);
			name = Main.storyboard;
			sourceTree = "<group>";
		};
		202D3B3320826FE7003DF1B8 /* LaunchScreen.storyboard */ = {
			isa = PBXVariantGroup;
			children = (
				202D3B3420826FE7003DF1B8 /* Base */,
			);
			name = LaunchScreen.storyboard;
			sourceTree = "<group>";
		};
/* End PBXVariantGroup section */

/* Begin XCBuildConfiguration section */
		202D3B3720826FE7003DF1B8 /* Debug */ = {
			isa = XCBuildConfiguration;
			buildSettings = {
				ALWAYS_SEARCH_USER_PATHS = NO;
				CLANG_ANALYZER_NONNULL = YES;
				CLANG_ANALYZER_NUMBER_OBJECT_CONVERSION = YES_AGGRESSIVE;
				CLANG_CXX_LANGUAGE_STANDARD = "gnu++14";
				CLANG_CXX_LIBRARY = "libc++";
				CLANG_ENABLE_MODULES = YES;
				CLANG_ENABLE_OBJC_ARC = YES;
				CLANG_ENABLE_OBJC_WEAK = YES;
				CLANG_WARN_BLOCK_CAPTURE_AUTORELEASING = YES;
				CLANG_WARN_BOOL_CONVERSION = YES;
				CLANG_WARN_COMMA = YES;
				CLANG_WARN_CONSTANT_CONVERSION = YES;
				CLANG_WARN_DEPRECATED_OBJC_IMPLEMENTATIONS = YES;
				CLANG_WARN_DIRECT_OBJC_ISA_USAGE = YES_ERROR;
				CLANG_WARN_DOCUMENTATION_COMMENTS = YES;
				CLANG_WARN_EMPTY_BODY = YES;
				CLANG_WARN_ENUM_CONVERSION = YES;
				CLANG_WARN_INFINITE_RECURSION = YES;
				CLANG_WARN_INT_CONVERSION = YES;
				CLANG_WARN_NON_LITERAL_NULL_CONVERSION = YES;
				CLANG_WARN_OBJC_IMPLICIT_RETAIN_SELF = YES;
				CLANG_WARN_OBJC_LITERAL_CONVERSION = YES;
				CLANG_WARN_OBJC_ROOT_CLASS = YES_ERROR;
				CLANG_WARN_RANGE_LOOP_ANALYSIS = YES;
				CLANG_WARN_STRICT_PROTOTYPES = YES;
				CLANG_WARN_SUSPICIOUS_MOVE = YES;
				CLANG_WARN_UNGUARDED_AVAILABILITY = YES_AGGRESSIVE;
				CLANG_WARN_UNREACHABLE_CODE = YES;
				CLANG_WARN__DUPLICATE_METHOD_MATCH = YES;
				CODE_SIGN_IDENTITY = "iPhone Developer";
				COPY_PHASE_STRIP = NO;
				DEBUG_INFORMATION_FORMAT = dwarf;
				ENABLE_STRICT_OBJC_MSGSEND = YES;
				ENABLE_TESTABILITY = YES;
				GCC_C_LANGUAGE_STANDARD = gnu11;
				GCC_DYNAMIC_NO_PIC = NO;
				GCC_NO_COMMON_BLOCKS = YES;
				GCC_OPTIMIZATION_LEVEL = 0;
				GCC_PREPROCESSOR_DEFINITIONS = (
					"DEBUG=1",
					"$(inherited)",
				);
				GCC_WARN_64_TO_32_BIT_CONVERSION = YES;
				GCC_WARN_ABOUT_RETURN_TYPE = YES_ERROR;
				GCC_WARN_UNDECLARED_SELECTOR = YES;
				GCC_WARN_UNINITIALIZED_AUTOS = YES_AGGRESSIVE;
				GCC_WARN_UNUSED_FUNCTION = YES;
				GCC_WARN_UNUSED_VARIABLE = YES;
				IPHONEOS_DEPLOYMENT_TARGET = 11.3;
				MTL_ENABLE_DEBUG_INFO = YES;
				ONLY_ACTIVE_ARCH = YES;
				SDKROOT = iphoneos;
				SWIFT_ACTIVE_COMPILATION_CONDITIONS = DEBUG;
				SWIFT_OPTIMIZATION_LEVEL = "-Onone";
			};
			name = Debug;
		};
		202D3B3820826FE7003DF1B8 /* Release */ = {
			isa = XCBuildConfiguration;
			buildSettings = {
				ALWAYS_SEARCH_USER_PATHS = NO;
				CLANG_ANALYZER_NONNULL = YES;
				CLANG_ANALYZER_NUMBER_OBJECT_CONVERSION = YES_AGGRESSIVE;
				CLANG_CXX_LANGUAGE_STANDARD = "gnu++14";
				CLANG_CXX_LIBRARY = "libc++";
				CLANG_ENABLE_MODULES = YES;
				CLANG_ENABLE_OBJC_ARC = YES;
				CLANG_ENABLE_OBJC_WEAK = YES;
				CLANG_WARN_BLOCK_CAPTURE_AUTORELEASING = YES;
				CLANG_WARN_BOOL_CONVERSION = YES;
				CLANG_WARN_COMMA = YES;
				CLANG_WARN_CONSTANT_CONVERSION = YES;
				CLANG_WARN_DEPRECATED_OBJC_IMPLEMENTATIONS = YES;
				CLANG_WARN_DIRECT_OBJC_ISA_USAGE = YES_ERROR;
				CLANG_WARN_DOCUMENTATION_COMMENTS = YES;
				CLANG_WARN_EMPTY_BODY = YES;
				CLANG_WARN_ENUM_CONVERSION = YES;
				CLANG_WARN_INFINITE_RECURSION = YES;
				CLANG_WARN_INT_CONVERSION = YES;
				CLANG_WARN_NON_LITERAL_NULL_CONVERSION = YES;
				CLANG_WARN_OBJC_IMPLICIT_RETAIN_SELF = YES;
				CLANG_WARN_OBJC_LITERAL_CONVERSION = YES;
				CLANG_WARN_OBJC_ROOT_CLASS = YES_ERROR;
				CLANG_WARN_RANGE_LOOP_ANALYSIS = YES;
				CLANG_WARN_STRICT_PROTOTYPES = YES;
				CLANG_WARN_SUSPICIOUS_MOVE = YES;
				CLANG_WARN_UNGUARDED_AVAILABILITY = YES_AGGRESSIVE;
				CLANG_WARN_UNREACHABLE_CODE = YES;
				CLANG_WARN__DUPLICATE_METHOD_MATCH = YES;
				CODE_SIGN_IDENTITY = "iPhone Developer";
				COPY_PHASE_STRIP = NO;
				DEBUG_INFORMATION_FORMAT = "dwarf-with-dsym";
				ENABLE_NS_ASSERTIONS = NO;
				ENABLE_STRICT_OBJC_MSGSEND = YES;
				GCC_C_LANGUAGE_STANDARD = gnu11;
				GCC_NO_COMMON_BLOCKS = YES;
				GCC_WARN_64_TO_32_BIT_CONVERSION = YES;
				GCC_WARN_ABOUT_RETURN_TYPE = YES_ERROR;
				GCC_WARN_UNDECLARED_SELECTOR = YES;
				GCC_WARN_UNINITIALIZED_AUTOS = YES_AGGRESSIVE;
				GCC_WARN_UNUSED_FUNCTION = YES;
				GCC_WARN_UNUSED_VARIABLE = YES;
				IPHONEOS_DEPLOYMENT_TARGET = 11.3;
				MTL_ENABLE_DEBUG_INFO = NO;
				SDKROOT = iphoneos;
				SWIFT_COMPILATION_MODE = wholemodule;
				SWIFT_OPTIMIZATION_LEVEL = "-O";
				VALIDATE_PRODUCT = YES;
			};
			name = Release;
		};
		202D3B3A20826FE7003DF1B8 /* Debug */ = {
			isa = XCBuildConfiguration;
			baseConfigurationReference = EBA564325C0F6816F4F133F9 /* Pods-FinalProject.debug.xcconfig */;
			buildSettings = {
				ASSETCATALOG_COMPILER_APPICON_NAME = AppIcon;
				CODE_SIGN_ENTITLEMENTS = FinalProject/FinalProject.entitlements;
				CODE_SIGN_STYLE = Automatic;
				DEVELOPMENT_TEAM = EUSZMP7V5X;
				INFOPLIST_FILE = FinalProject/Info.plist;
				LD_RUNPATH_SEARCH_PATHS = (
					"$(inherited)",
					"@executable_path/Frameworks",
				);
				PRODUCT_BUNDLE_IDENTIFIER = com.junhaohuang.FinalProject;
				PRODUCT_NAME = "$(TARGET_NAME)";
				SWIFT_VERSION = 4.0;
				TARGETED_DEVICE_FAMILY = 1;
			};
			name = Debug;
		};
		202D3B3B20826FE7003DF1B8 /* Release */ = {
			isa = XCBuildConfiguration;
			baseConfigurationReference = A54D3036B1F5D6CEA4E4C01B /* Pods-FinalProject.release.xcconfig */;
			buildSettings = {
				ASSETCATALOG_COMPILER_APPICON_NAME = AppIcon;
				CODE_SIGN_ENTITLEMENTS = FinalProject/FinalProject.entitlements;
				CODE_SIGN_STYLE = Automatic;
				DEVELOPMENT_TEAM = EUSZMP7V5X;
				INFOPLIST_FILE = FinalProject/Info.plist;
				LD_RUNPATH_SEARCH_PATHS = (
					"$(inherited)",
					"@executable_path/Frameworks",
				);
				PRODUCT_BUNDLE_IDENTIFIER = com.junhaohuang.FinalProject;
				PRODUCT_NAME = "$(TARGET_NAME)";
				SWIFT_VERSION = 4.0;
				TARGETED_DEVICE_FAMILY = 1;
			};
			name = Release;
		};
/* End XCBuildConfiguration section */

/* Begin XCConfigurationList section */
		202D3B2220826FE5003DF1B8 /* Build configuration list for PBXProject "FinalProject" */ = {
			isa = XCConfigurationList;
			buildConfigurations = (
				202D3B3720826FE7003DF1B8 /* Debug */,
				202D3B3820826FE7003DF1B8 /* Release */,
			);
			defaultConfigurationIsVisible = 0;
			defaultConfigurationName = Release;
		};
		202D3B3920826FE7003DF1B8 /* Build configuration list for PBXNativeTarget "FinalProject" */ = {
			isa = XCConfigurationList;
			buildConfigurations = (
				202D3B3A20826FE7003DF1B8 /* Debug */,
				202D3B3B20826FE7003DF1B8 /* Release */,
			);
			defaultConfigurationIsVisible = 0;
			defaultConfigurationName = Release;
		};
/* End XCConfigurationList section */
	};
	rootObject = 202D3B1F20826FE5003DF1B8 /* Project object */;
}
